
Microsoft Visual Studio Solution File, Format Version 12.00
# Visual Studio Version 17
VisualStudioVersion = 17.6.33723.286
MinimumVisualStudioVersion = 10.0.40219.1
Project("{2150E333-8FDC-42A3-9474-1A3956D46DE8}") = "MDK01.01.PR7-10", "MDK01.01.PR7-10", "{FD064E55-2218-4CD2-B578-4657258C9E57}"
EndProject
Project("{2150E333-8FDC-42A3-9474-1A3956D46DE8}") = "Singleton", "Singleton", "{03FE7262-1193-47CE-B977-F21ECAD5FCC0}"
EndProject
Project("{2150E333-8FDC-42A3-9474-1A3956D46DE8}") = "Decorator", "Decorator", "{9D24ED72-6A03-4BED-A576-9DE23046579D}"
EndProject
Project("{2150E333-8FDC-42A3-9474-1A3956D46DE8}") = "Adapter", "Adapter", "{7E19D0BD-D08B-4D7D-8EA5-5D5D0EA8D067}"
EndProject
Project("{FAE04EC0-301F-11D3-BF4B-00C04F79EFBC}") = "AdapterDemo", "Patterns\Structural\Adapter\AdapterDemo\AdapterDemo.csproj", "{28F698A8-BD1C-4903-85BC-1D3F978AA6C9}"
EndProject
Project("{FAE04EC0-301F-11D3-BF4B-00C04F79EFBC}") = "AdapterTests", "Patterns\Structural\Adapter\AdapterTests\AdapterTests.csproj", "{5872DADD-3FD6-4EF2-A10B-B34C2E45CDBD}"
EndProject
Project("{FAE04EC0-301F-11D3-BF4B-00C04F79EFBC}") = "DecoratorDemo", "Patterns\Structural\Decorator\DecoratorDemo\DecoratorDemo.csproj", "{0C28BB0B-0973-477A-8D0D-36BF1340F4A6}"
EndProject
Project("{FAE04EC0-301F-11D3-BF4B-00C04F79EFBC}") = "DecoratorTests", "Patterns\Structural\Decorator\DecoratorTests\DecoratorTests.csproj", "{D08F96B1-CE48-49DD-8FDC-8A6142F782E2}"
EndProject
Project("{FAE04EC0-301F-11D3-BF4B-00C04F79EFBC}") = "SingletonDemo", "Patterns\Creational\Singleton\SingletonDemo\SingletonDemo.csproj", "{F80BCEAE-EDE4-43AB-BB16-D2A3F573FAD2}"
EndProject
Project("{FAE04EC0-301F-11D3-BF4B-00C04F79EFBC}") = "SingletonTests", "Patterns\Creational\Singleton\SingletonTests\SingletonTests.csproj", "{44BC90C0-BA1E-4734-B477-83B597B20FCB}"
EndProject
Project("{FAE04EC0-301F-11D3-BF4B-00C04F79EFBC}") = "SingletonLib", "Patterns\Creational\Singleton\SingletonLib\SingletonLib.csproj", "{4CBC33BC-916B-4BA2-BD61-D9D9C3FF8EF5}"
EndProject
Project("{FAE04EC0-301F-11D3-BF4B-00C04F79EFBC}") = "DecoratorLib", "Patterns\Structural\Decorator\DecoratorLib\DecoratorLib.csproj", "{ED1FF40E-194F-4E20-8025-38DF3BD00B01}"
EndProject
Project("{FAE04EC0-301F-11D3-BF4B-00C04F79EFBC}") = "AdapterLib", "Patterns\Structural\Adapter\AdapterLib\AdapterLib.csproj", "{1428B952-7DE1-459C-A164-5C3AB328CBBB}"
EndProject
Project("{FAE04EC0-301F-11D3-BF4B-00C04F79EFBC}") = "Validator", "Validator\Validator.csproj", "{177C3649-0711-43AC-B95D-6B670EA9479E}"
EndProject
Project("{2150E333-8FDC-42A3-9474-1A3956D46DE8}") = "Creational", "Creational", "{69B0B79D-2320-462C-9F9F-D3D82C2D0895}"
EndProject
Project("{2150E333-8FDC-42A3-9474-1A3956D46DE8}") = "Structural", "Structural", "{C3BD1EE4-74BB-41FF-9E59-0643799308E6}"
EndProject
Project("{2150E333-8FDC-42A3-9474-1A3956D46DE8}") = "FactoryMethod", "FactoryMethod", "{F81D800C-44CD-459D-9437-35C646D9DD9F}"
EndProject
Project("{9A19103F-16F7-4668-BE54-9A1E7A4F7556}") = "FactoryMethodDemo", "Patterns\Creational\FactoryMethod\FactoryMethodDemo\FactoryMethodDemo.csproj", "{39E209BC-280B-422C-B23C-C6E509C82DEB}"
EndProject
Project("{FAE04EC0-301F-11D3-BF4B-00C04F79EFBC}") = "FactoryMethodLib", "Patterns\Creational\FactoryMethod\FactoryMethodLib\FactoryMethodLib.csproj", "{F3DA4607-F93E-4277-9B86-B7D0D1F6F495}"
EndProject
Project("{9A19103F-16F7-4668-BE54-9A1E7A4F7556}") = "FactoryMethodTests", "Patterns\Creational\FactoryMethod\FactoryMethodTests\FactoryMethodTests.csproj", "{D008051C-87BD-48D1-A0CC-B60B72FC4E62}"
EndProject
Project("{2150E333-8FDC-42A3-9474-1A3956D46DE8}") = "Composite", "Composite", "{D56AD86F-A61C-4755-9639-EE901ED87F83}"
EndProject
Project("{9A19103F-16F7-4668-BE54-9A1E7A4F7556}") = "CompositeTests", "Patterns\Structural\Composite\CompositeTests\CompositeTests.csproj", "{506CFD15-8F40-446D-8673-DF8B7D03FDEE}"
EndProject
Project("{FAE04EC0-301F-11D3-BF4B-00C04F79EFBC}") = "CompositeLib", "Patterns\Structural\Composite\CompositeLib\CompositeLib.csproj", "{96776540-027B-4371-82DE-A09644AD477D}"
EndProject
Project("{9A19103F-16F7-4668-BE54-9A1E7A4F7556}") = "CompositeDemo", "Patterns\Structural\Composite\CompositeDemo\CompositeDemo.csproj", "{279B8234-6091-4365-95F5-0EF998116722}"
EndProject
Global
	GlobalSection(SolutionConfigurationPlatforms) = preSolution
		Debug|Any CPU = Debug|Any CPU
		Release|Any CPU = Release|Any CPU
	EndGlobalSection
	GlobalSection(ProjectConfigurationPlatforms) = postSolution
		{28F698A8-BD1C-4903-85BC-1D3F978AA6C9}.Debug|Any CPU.ActiveCfg = Debug|Any CPU
		{28F698A8-BD1C-4903-85BC-1D3F978AA6C9}.Debug|Any CPU.Build.0 = Debug|Any CPU
		{28F698A8-BD1C-4903-85BC-1D3F978AA6C9}.Release|Any CPU.ActiveCfg = Release|Any CPU
		{28F698A8-BD1C-4903-85BC-1D3F978AA6C9}.Release|Any CPU.Build.0 = Release|Any CPU
		{5872DADD-3FD6-4EF2-A10B-B34C2E45CDBD}.Debug|Any CPU.ActiveCfg = Debug|Any CPU
		{5872DADD-3FD6-4EF2-A10B-B34C2E45CDBD}.Debug|Any CPU.Build.0 = Debug|Any CPU
		{5872DADD-3FD6-4EF2-A10B-B34C2E45CDBD}.Release|Any CPU.ActiveCfg = Release|Any CPU
		{5872DADD-3FD6-4EF2-A10B-B34C2E45CDBD}.Release|Any CPU.Build.0 = Release|Any CPU
		{0C28BB0B-0973-477A-8D0D-36BF1340F4A6}.Debug|Any CPU.ActiveCfg = Debug|Any CPU
		{0C28BB0B-0973-477A-8D0D-36BF1340F4A6}.Debug|Any CPU.Build.0 = Debug|Any CPU
		{0C28BB0B-0973-477A-8D0D-36BF1340F4A6}.Release|Any CPU.ActiveCfg = Release|Any CPU
		{0C28BB0B-0973-477A-8D0D-36BF1340F4A6}.Release|Any CPU.Build.0 = Release|Any CPU
		{D08F96B1-CE48-49DD-8FDC-8A6142F782E2}.Debug|Any CPU.ActiveCfg = Debug|Any CPU
		{D08F96B1-CE48-49DD-8FDC-8A6142F782E2}.Debug|Any CPU.Build.0 = Debug|Any CPU
		{D08F96B1-CE48-49DD-8FDC-8A6142F782E2}.Release|Any CPU.ActiveCfg = Release|Any CPU
		{D08F96B1-CE48-49DD-8FDC-8A6142F782E2}.Release|Any CPU.Build.0 = Release|Any CPU
		{F80BCEAE-EDE4-43AB-BB16-D2A3F573FAD2}.Debug|Any CPU.ActiveCfg = Debug|Any CPU
		{F80BCEAE-EDE4-43AB-BB16-D2A3F573FAD2}.Debug|Any CPU.Build.0 = Debug|Any CPU
		{F80BCEAE-EDE4-43AB-BB16-D2A3F573FAD2}.Release|Any CPU.ActiveCfg = Release|Any CPU
		{F80BCEAE-EDE4-43AB-BB16-D2A3F573FAD2}.Release|Any CPU.Build.0 = Release|Any CPU
		{44BC90C0-BA1E-4734-B477-83B597B20FCB}.Debug|Any CPU.ActiveCfg = Debug|Any CPU
		{44BC90C0-BA1E-4734-B477-83B597B20FCB}.Debug|Any CPU.Build.0 = Debug|Any CPU
		{44BC90C0-BA1E-4734-B477-83B597B20FCB}.Release|Any CPU.ActiveCfg = Release|Any CPU
		{44BC90C0-BA1E-4734-B477-83B597B20FCB}.Release|Any CPU.Build.0 = Release|Any CPU
		{4CBC33BC-916B-4BA2-BD61-D9D9C3FF8EF5}.Debug|Any CPU.ActiveCfg = Debug|Any CPU
		{4CBC33BC-916B-4BA2-BD61-D9D9C3FF8EF5}.Debug|Any CPU.Build.0 = Debug|Any CPU
		{4CBC33BC-916B-4BA2-BD61-D9D9C3FF8EF5}.Release|Any CPU.ActiveCfg = Release|Any CPU
		{4CBC33BC-916B-4BA2-BD61-D9D9C3FF8EF5}.Release|Any CPU.Build.0 = Release|Any CPU
		{ED1FF40E-194F-4E20-8025-38DF3BD00B01}.Debug|Any CPU.ActiveCfg = Debug|Any CPU
		{ED1FF40E-194F-4E20-8025-38DF3BD00B01}.Debug|Any CPU.Build.0 = Debug|Any CPU
		{ED1FF40E-194F-4E20-8025-38DF3BD00B01}.Release|Any CPU.ActiveCfg = Release|Any CPU
		{ED1FF40E-194F-4E20-8025-38DF3BD00B01}.Release|Any CPU.Build.0 = Release|Any CPU
		{1428B952-7DE1-459C-A164-5C3AB328CBBB}.Debug|Any CPU.ActiveCfg = Debug|Any CPU
		{1428B952-7DE1-459C-A164-5C3AB328CBBB}.Debug|Any CPU.Build.0 = Debug|Any CPU
		{1428B952-7DE1-459C-A164-5C3AB328CBBB}.Release|Any CPU.ActiveCfg = Release|Any CPU
		{1428B952-7DE1-459C-A164-5C3AB328CBBB}.Release|Any CPU.Build.0 = Release|Any CPU
		{177C3649-0711-43AC-B95D-6B670EA9479E}.Debug|Any CPU.ActiveCfg = Debug|Any CPU
		{177C3649-0711-43AC-B95D-6B670EA9479E}.Debug|Any CPU.Build.0 = Debug|Any CPU
		{177C3649-0711-43AC-B95D-6B670EA9479E}.Release|Any CPU.ActiveCfg = Release|Any CPU
		{177C3649-0711-43AC-B95D-6B670EA9479E}.Release|Any CPU.Build.0 = Release|Any CPU
		{39E209BC-280B-422C-B23C-C6E509C82DEB}.Debug|Any CPU.ActiveCfg = Debug|Any CPU
		{39E209BC-280B-422C-B23C-C6E509C82DEB}.Debug|Any CPU.Build.0 = Debug|Any CPU
		{39E209BC-280B-422C-B23C-C6E509C82DEB}.Release|Any CPU.ActiveCfg = Release|Any CPU
		{39E209BC-280B-422C-B23C-C6E509C82DEB}.Release|Any CPU.Build.0 = Release|Any CPU
		{F3DA4607-F93E-4277-9B86-B7D0D1F6F495}.Debug|Any CPU.ActiveCfg = Debug|Any CPU
		{F3DA4607-F93E-4277-9B86-B7D0D1F6F495}.Debug|Any CPU.Build.0 = Debug|Any CPU
		{F3DA4607-F93E-4277-9B86-B7D0D1F6F495}.Release|Any CPU.ActiveCfg = Release|Any CPU
		{F3DA4607-F93E-4277-9B86-B7D0D1F6F495}.Release|Any CPU.Build.0 = Release|Any CPU
		{D008051C-87BD-48D1-A0CC-B60B72FC4E62}.Debug|Any CPU.ActiveCfg = Debug|Any CPU
		{D008051C-87BD-48D1-A0CC-B60B72FC4E62}.Debug|Any CPU.Build.0 = Debug|Any CPU
		{D008051C-87BD-48D1-A0CC-B60B72FC4E62}.Release|Any CPU.ActiveCfg = Release|Any CPU
		{D008051C-87BD-48D1-A0CC-B60B72FC4E62}.Release|Any CPU.Build.0 = Release|Any CPU
		{506CFD15-8F40-446D-8673-DF8B7D03FDEE}.Debug|Any CPU.ActiveCfg = Debug|Any CPU
		{506CFD15-8F40-446D-8673-DF8B7D03FDEE}.Debug|Any CPU.Build.0 = Debug|Any CPU
		{506CFD15-8F40-446D-8673-DF8B7D03FDEE}.Release|Any CPU.ActiveCfg = Release|Any CPU
		{506CFD15-8F40-446D-8673-DF8B7D03FDEE}.Release|Any CPU.Build.0 = Release|Any CPU
		{96776540-027B-4371-82DE-A09644AD477D}.Debug|Any CPU.ActiveCfg = Debug|Any CPU
		{96776540-027B-4371-82DE-A09644AD477D}.Debug|Any CPU.Build.0 = Debug|Any CPU
		{96776540-027B-4371-82DE-A09644AD477D}.Release|Any CPU.ActiveCfg = Release|Any CPU
		{96776540-027B-4371-82DE-A09644AD477D}.Release|Any CPU.Build.0 = Release|Any CPU
		{279B8234-6091-4365-95F5-0EF998116722}.Debug|Any CPU.ActiveCfg = Debug|Any CPU
		{279B8234-6091-4365-95F5-0EF998116722}.Debug|Any CPU.Build.0 = Debug|Any CPU
		{279B8234-6091-4365-95F5-0EF998116722}.Release|Any CPU.ActiveCfg = Release|Any CPU
		{279B8234-6091-4365-95F5-0EF998116722}.Release|Any CPU.Build.0 = Release|Any CPU
	EndGlobalSection
	GlobalSection(SolutionProperties) = preSolution
		HideSolutionNode = FALSE
	EndGlobalSection
	GlobalSection(NestedProjects) = preSolution
		{03FE7262-1193-47CE-B977-F21ECAD5FCC0} = {69B0B79D-2320-462C-9F9F-D3D82C2D0895}
		{9D24ED72-6A03-4BED-A576-9DE23046579D} = {C3BD1EE4-74BB-41FF-9E59-0643799308E6}
		{7E19D0BD-D08B-4D7D-8EA5-5D5D0EA8D067} = {C3BD1EE4-74BB-41FF-9E59-0643799308E6}
		{28F698A8-BD1C-4903-85BC-1D3F978AA6C9} = {7E19D0BD-D08B-4D7D-8EA5-5D5D0EA8D067}
		{5872DADD-3FD6-4EF2-A10B-B34C2E45CDBD} = {7E19D0BD-D08B-4D7D-8EA5-5D5D0EA8D067}
		{0C28BB0B-0973-477A-8D0D-36BF1340F4A6} = {9D24ED72-6A03-4BED-A576-9DE23046579D}
		{D08F96B1-CE48-49DD-8FDC-8A6142F782E2} = {9D24ED72-6A03-4BED-A576-9DE23046579D}
		{F80BCEAE-EDE4-43AB-BB16-D2A3F573FAD2} = {03FE7262-1193-47CE-B977-F21ECAD5FCC0}
		{44BC90C0-BA1E-4734-B477-83B597B20FCB} = {03FE7262-1193-47CE-B977-F21ECAD5FCC0}
		{4CBC33BC-916B-4BA2-BD61-D9D9C3FF8EF5} = {03FE7262-1193-47CE-B977-F21ECAD5FCC0}
		{ED1FF40E-194F-4E20-8025-38DF3BD00B01} = {9D24ED72-6A03-4BED-A576-9DE23046579D}
		{1428B952-7DE1-459C-A164-5C3AB328CBBB} = {7E19D0BD-D08B-4D7D-8EA5-5D5D0EA8D067}
		{69B0B79D-2320-462C-9F9F-D3D82C2D0895} = {FD064E55-2218-4CD2-B578-4657258C9E57}
		{C3BD1EE4-74BB-41FF-9E59-0643799308E6} = {FD064E55-2218-4CD2-B578-4657258C9E57}
		{F81D800C-44CD-459D-9437-35C646D9DD9F} = {69B0B79D-2320-462C-9F9F-D3D82C2D0895}
		{39E209BC-280B-422C-B23C-C6E509C82DEB} = {F81D800C-44CD-459D-9437-35C646D9DD9F}
		{F3DA4607-F93E-4277-9B86-B7D0D1F6F495} = {F81D800C-44CD-459D-9437-35C646D9DD9F}
		{D008051C-87BD-48D1-A0CC-B60B72FC4E62} = {F81D800C-44CD-459D-9437-35C646D9DD9F}
		{D56AD86F-A61C-4755-9639-EE901ED87F83} = {C3BD1EE4-74BB-41FF-9E59-0643799308E6}
		{506CFD15-8F40-446D-8673-DF8B7D03FDEE} = {D56AD86F-A61C-4755-9639-EE901ED87F83}
		{96776540-027B-4371-82DE-A09644AD477D} = {D56AD86F-A61C-4755-9639-EE901ED87F83}
		{279B8234-6091-4365-95F5-0EF998116722} = {D56AD86F-A61C-4755-9639-EE901ED87F83}
	EndGlobalSection
	GlobalSection(ExtensibilityGlobals) = postSolution
		SolutionGuid = {8D3D92F7-766D-48BD-A87B-A70F3A2CE390}
	EndGlobalSection
EndGlobal
